
Microsoft Visual Studio Solution File, Format Version 12.00
# Visual Studio 15
VisualStudioVersion = 15.0.27130.2024
MinimumVisualStudioVersion = 10.0.40219.1
Project("{FAE04EC0-301F-11D3-BF4B-00C04F79EFBC}") = "WindowsPositionPersisterLibrary", "WindowsPositionPersisterLibrary\WindowsPositionPersisterLibrary.csproj", "{ACEBC6CD-BBAA-4E5C-BEB4-593BAF68238E}"
EndProject
Project("{FAE04EC0-301F-11D3-BF4B-00C04F79EFBC}") = "WindowPositionPersisterMain", "WindowPositionPersisterMain\WindowPositionPersisterMain.csproj", "{3FFC0967-F17C-4285-9C7D-3CD43860C004}"
EndProject
Project("{FAE04EC0-301F-11D3-BF4B-00C04F79EFBC}") = "WindowPositionPersisterConsole", "WindowPositionPersisterConsole\WindowPositionPersisterConsole.csproj", "{45D6DB52-FC43-4252-B7E9-F44B5F4161B9}"
EndProject
Global
	GlobalSection(SolutionConfigurationPlatforms) = preSolution
		Debug|Any CPU = Debug|Any CPU
		Release|Any CPU = Release|Any CPU
	EndGlobalSection
	GlobalSection(ProjectConfigurationPlatforms) = postSolution
		{ACEBC6CD-BBAA-4E5C-BEB4-593BAF68238E}.Debug|Any CPU.ActiveCfg = Debug|Any CPU
		{ACEBC6CD-BBAA-4E5C-BEB4-593BAF68238E}.Debug|Any CPU.Build.0 = Debug|Any CPU
		{ACEBC6CD-BBAA-4E5C-BEB4-593BAF68238E}.Release|Any CPU.ActiveCfg = Release|Any CPU
		{ACEBC6CD-BBAA-4E5C-BEB4-593BAF68238E}.Release|Any CPU.Build.0 = Release|Any CPU
		{3FFC0967-F17C-4285-9C7D-3CD43860C004}.Debug|Any CPU.ActiveCfg = Debug|Any CPU
		{3FFC0967-F17C-4285-9C7D-3CD43860C004}.Debug|Any CPU.Build.0 = Debug|Any CPU
		{3FFC0967-F17C-4285-9C7D-3CD43860C004}.Release|Any CPU.ActiveCfg = Release|Any CPU
		{3FFC0967-F17C-4285-9C7D-3CD43860C004}.Release|Any CPU.Build.0 = Release|Any CPU
		{45D6DB52-FC43-4252-B7E9-F44B5F4161B9}.Debug|Any CPU.ActiveCfg = Debug|Any CPU
		{45D6DB52-FC43-4252-B7E9-F44B5F4161B9}.Debug|Any CPU.Build.0 = Debug|Any CPU
		{45D6DB52-FC43-4252-B7E9-F44B5F4161B9}.Release|Any CPU.ActiveCfg = Release|Any CPU
		{45D6DB52-FC43-4252-B7E9-F44B5F4161B9}.Release|Any CPU.Build.0 = Release|Any CPU
	EndGlobalSection
	GlobalSection(SolutionProperties) = preSolution
		HideSolutionNode = FALSE
	EndGlobalSection
	GlobalSection(ExtensibilityGlobals) = postSolution
		SolutionGuid = {559F4C75-2A95-4BF7-BA63-89CDAD8AD3B2}
	EndGlobalSection
EndGlobal
